// !$*UTF8*$!
{
	archiveVersion = 1;
	classes = {
	};
	objectVersion = 46;
	objects = {

/* Begin PBXBuildFile section */
		F4F103921B517F0600BCAD40 /* AppDelegate.m in Sources */ = {isa = PBXBuildFile; fileRef = F4F103911B517F0600BCAD40 /* AppDelegate.m */; };
		F4F103941B517F0600BCAD40 /* main.m in Sources */ = {isa = PBXBuildFile; fileRef = F4F103931B517F0600BCAD40 /* main.m */; };
		F4F103991B517F0600BCAD40 /* MainMenu.xib in Resources */ = {isa = PBXBuildFile; fileRef = F4F103971B517F0600BCAD40 /* MainMenu.xib */; };
		F4F103B51B517F6200BCAD40 /* STPathTextField.m in Sources */ = {isa = PBXBuildFile; fileRef = F4F103B11B517F6200BCAD40 /* STPathTextField.m */; };
/* End PBXBuildFile section */

/* Begin PBXFileReference section */
		F4F1038B1B517F0600BCAD40 /* STPathTextFieldExample.app */ = {isa = PBXFileReference; explicitFileType = wrapper.application; includeInIndex = 0; path = STPathTextFieldExample.app; sourceTree = BUILT_PRODUCTS_DIR; };
		F4F1038F1B517F0600BCAD40 /* Info.plist */ = {isa = PBXFileReference; lastKnownFileType = text.plist.xml; path = Info.plist; sourceTree = "<group>"; };
		F4F103901B517F0600BCAD40 /* AppDelegate.h */ = {isa = PBXFileReference; lastKnownFileType = sourcecode.c.h; path = AppDelegate.h; sourceTree = "<group>"; };
		F4F103911B517F0600BCAD40 /* AppDelegate.m */ = {isa = PBXFileReference; lastKnownFileType = sourcecode.c.objc; path = AppDelegate.m; sourceTree = "<group>"; };
		F4F103931B517F0600BCAD40 /* main.m */ = {isa = PBXFileReference; lastKnownFileType = sourcecode.c.objc; path = main.m; sourceTree = "<group>"; };
		F4F103981B517F0600BCAD40 /* Base */ = {isa = PBXFileReference; lastKnownFileType = file.xib; name = Base; path = Base.lproj/MainMenu.xib; sourceTree = "<group>"; };
		F4F103AE1B517F6200BCAD40 /* LICENSE.txt */ = {isa = PBXFileReference; fileEncoding = 4; lastKnownFileType = text; name = LICENSE.txt; path = ../LICENSE.txt; sourceTree = "<group>"; };
		F4F103AF1B517F6200BCAD40 /* README.md */ = {isa = PBXFileReference; fileEncoding = 4; lastKnownFileType = net.daringfireball.markdown; name = README.md; path = ../README.md; sourceTree = "<group>"; };
		F4F103B01B517F6200BCAD40 /* STPathTextField.h */ = {isa = PBXFileReference; fileEncoding = 4; lastKnownFileType = sourcecode.c.h; name = STPathTextField.h; path = ../STPathTextField.h; sourceTree = "<group>"; };
		F4F103B11B517F6200BCAD40 /* STPathTextField.m */ = {isa = PBXFileReference; fileEncoding = 4; lastKnownFileType = sourcecode.c.objc; name = STPathTextField.m; path = ../STPathTextField.m; sourceTree = "<group>"; };
		F4F103B21B517F6200BCAD40 /* STPathTextField.podspec */ = {isa = PBXFileReference; fileEncoding = 4; lastKnownFileType = text; name = STPathTextField.podspec; path = ../STPathTextField.podspec; sourceTree = "<group>"; };
/* End PBXFileReference section */

/* Begin PBXFrameworksBuildPhase section */
		F4F103881B517F0600BCAD40 /* Frameworks */ = {
			isa = PBXFrameworksBuildPhase;
			buildActionMask = 2147483647;
			files = (
			);
			runOnlyForDeploymentPostprocessing = 0;
		};
/* End PBXFrameworksBuildPhase section */

/* Begin PBXGroup section */
		F4F103821B517F0600BCAD40 = {
			isa = PBXGroup;
			children = (
				F4F103B71B517F6800BCAD40 /* STPathTextField */,
				F4F1038D1B517F0600BCAD40 /* STPathTextFieldExample */,
				F4F1038C1B517F0600BCAD40 /* Products */,
			);
			sourceTree = "<group>";
		};
		F4F1038C1B517F0600BCAD40 /* Products */ = {
			isa = PBXGroup;
			children = (
				F4F1038B1B517F0600BCAD40 /* STPathTextFieldExample.app */,
			);
			name = Products;
			sourceTree = "<group>";
		};
		F4F1038D1B517F0600BCAD40 /* STPathTextFieldExample */ = {
			isa = PBXGroup;
			children = (
				F4F103901B517F0600BCAD40 /* AppDelegate.h */,
				F4F103911B517F0600BCAD40 /* AppDelegate.m */,
				F4F103971B517F0600BCAD40 /* MainMenu.xib */,
				F4F1038F1B517F0600BCAD40 /* Info.plist */,
				F4F103931B517F0600BCAD40 /* main.m */,
			);
			path = STPathTextFieldExample;
			sourceTree = "<group>";
		};
		F4F103B71B517F6800BCAD40 /* STPathTextField */ = {
			isa = PBXGroup;
			children = (
				F4F103B01B517F6200BCAD40 /* STPathTextField.h */,
				F4F103B11B517F6200BCAD40 /* STPathTextField.m */,
				F4F103AE1B517F6200BCAD40 /* LICENSE.txt */,
				F4F103AF1B517F6200BCAD40 /* README.md */,
				F4F103B21B517F6200BCAD40 /* STPathTextField.podspec */,
			);
			name = STPathTextField;
			sourceTree = "<group>";
		};
/* End PBXGroup section */

/* Begin PBXNativeTarget section */
		F4F1038A1B517F0600BCAD40 /* STPathTextFieldExample */ = {
			isa = PBXNativeTarget;
			buildConfigurationList = F4F103A81B517F0700BCAD40 /* Build configuration list for PBXNativeTarget "STPathTextFieldExample" */;
			buildPhases = (
				F4F103871B517F0600BCAD40 /* Sources */,
				F4F103881B517F0600BCAD40 /* Frameworks */,
				F4F103891B517F0600BCAD40 /* Resources */,
			);
			buildRules = (
			);
			dependencies = (
			);
			name = STPathTextFieldExample;
			productName = STPathTextFieldExample;
			productReference = F4F1038B1B517F0600BCAD40 /* STPathTextFieldExample.app */;
			productType = "com.apple.product-type.application";
		};
/* End PBXNativeTarget section */

/* Begin PBXProject section */
		F4F103831B517F0600BCAD40 /* Project object */ = {
			isa = PBXProject;
			attributes = {
				LastUpgradeCheck = 0640;
				ORGANIZATIONNAME = "Sveinbjorn Thordarson";
				TargetAttributes = {
					F4F1038A1B517F0600BCAD40 = {
						CreatedOnToolsVersion = 6.4;
					};
				};
			};
			buildConfigurationList = F4F103861B517F0600BCAD40 /* Build configuration list for PBXProject "STPathTextFieldExample" */;
			compatibilityVersion = "Xcode 3.2";
			developmentRegion = English;
			hasScannedForEncodings = 0;
			knownRegions = (
				en,
				Base,
			);
			mainGroup = F4F103821B517F0600BCAD40;
			productRefGroup = F4F1038C1B517F0600BCAD40 /* Products */;
			projectDirPath = "";
			projectRoot = "";
			targets = (
				F4F1038A1B517F0600BCAD40 /* STPathTextFieldExample */,
			);
		};
/* End PBXProject section */

/* Begin PBXResourcesBuildPhase section */
		F4F103891B517F0600BCAD40 /* Resources */ = {
			isa = PBXResourcesBuildPhase;
			buildActionMask = 2147483647;
			files = (
				F4F103991B517F0600BCAD40 /* MainMenu.xib in Resources */,
			);
			runOnlyForDeploymentPostprocessing = 0;
		};
/* End PBXResourcesBuildPhase section */

/* Begin PBXSourcesBuildPhase section */
		F4F103871B517F0600BCAD40 /* Sources */ = {
			isa = PBXSourcesBuildPhase;
			buildActionMask = 2147483647;
			files = (
				F4F103B51B517F6200BCAD40 /* STPathTextField.m in Sources */,
				F4F103941B517F0600BCAD40 /* main.m in Sources */,
				F4F103921B517F0600BCAD40 /* AppDelegate.m in Sources */,
			);
			runOnlyForDeploymentPostprocessing = 0;
		};
/* End PBXSourcesBuildPhase section */

/* Begin PBXVariantGroup section */
		F4F103971B517F0600BCAD40 /* MainMenu.xib */ = {
			isa = PBXVariantGroup;
			children = (
				F4F103981B517F0600BCAD40 /* Base */,
			);
			name = MainMenu.xib;
			sourceTree = "<group>";
		};
/* End PBXVariantGroup section */

/* Begin XCBuildConfiguration section */
		F4F103A61B517F0700BCAD40 /* Debug */ = {
			isa = XCBuildConfiguration;
			buildSettings = {
				ALWAYS_SEARCH_USER_PATHS = NO;
				CLANG_CXX_LANGUAGE_STANDARD = "gnu++0x";
				CLANG_CXX_LIBRARY = "libc++";
				CLANG_ENABLE_MODULES = YES;
				CLANG_ENABLE_OBJC_ARC = YES;
				CLANG_WARN_BOOL_CONVERSION = YES;
				CLANG_WARN_CONSTANT_CONVERSION = YES;
				CLANG_WARN_DIRECT_OBJC_ISA_USAGE = YES_ERROR;
				CLANG_WARN_EMPTY_BODY = YES;
				CLANG_WARN_ENUM_CONVERSION = YES;
				CLANG_WARN_INT_CONVERSION = YES;
				CLANG_WARN_OBJC_ROOT_CLASS = YES_ERROR;
				CLANG_WARN_UNREACHABLE_CODE = YES;
				CLANG_WARN__DUPLICATE_METHOD_MATCH = YES;
				CODE_SIGN_IDENTITY = "-";
				COPY_PHASE_STRIP = NO;
				DEBUG_INFORMATION_FORMAT = dwarf;
				ENABLE_STRICT_OBJC_MSGSEND = YES;
				GCC_C_LANGUAGE_STANDARD = gnu99;
				GCC_DYNAMIC_NO_PIC = NO;
				GCC_NO_COMMON_BLOCKS = YES;
				GCC_OPTIMIZATION_LEVEL = 0;
				GCC_PREPROCESSOR_DEFINITIONS = (
					"DEBUG=1",
					"$(inherited)",
				);
				GCC_SYMBOLS_PRIVATE_EXTERN = NO;
				GCC_WARN_64_TO_32_BIT_CONVERSION = YES;
				GCC_WARN_ABOUT_RETURN_TYPE = YES_ERROR;
				GCC_WARN_UNDECLARED_SELECTOR = YES;
				GCC_WARN_UNINITIALIZED_AUTOS = YES_AGGRESSIVE;
				GCC_WARN_UNUSED_FUNCTION = YES;
				GCC_WARN_UNUSED_VARIABLE = YES;
				MACOSX_DEPLOYMENT_TARGET = 10.10;
				MTL_ENABLE_DEBUG_INFO = YES;
				ONLY_ACTIVE_ARCH = YES;
				SDKROOT = macosx;
			};
			name = Debug;
		};
		F4F103A71B517F0700BCAD40 /* Release */ = {
			isa = XCBuildConfiguration;
			buildSettings = {
				ALWAYS_SEARCH_USER_PATHS = NO;
				CLANG_CXX_LANGUAGE_STANDARD = "gnu++0x";
				CLANG_CXX_LIBRARY = "libc++";
				CLANG_ENABLE_MODULES = YES;
				CLANG_ENABLE_OBJC_ARC = YES;
				CLANG_WARN_BOOL_CONVERSION = YES;
				CLANG_WARN_CONSTANT_CONVERSION = YES;
				CLANG_WARN_DIRECT_OBJC_ISA_USAGE = YES_ERROR;
				CLANG_WARN_EMPTY_BODY = YES;
				CLANG_WARN_ENUM_CONVERSION = YES;
				CLANG_WARN_INT_CONVERSION = YES;
				CLANG_WARN_OBJC_ROOT_CLASS = YES_ERROR;
				CLANG_WARN_UNREACHABLE_CODE = YES;
				CLANG_WARN__DUPLICATE_METHOD_MATCH = YES;
				CODE_SIGN_IDENTITY = "-";
				COPY_PHASE_STRIP = NO;
				DEBUG_INFORMATION_FORMAT = "dwarf-with-dsym";
				ENABLE_NS_ASSERTIONS = NO;
				ENABLE_STRICT_OBJC_MSGSEND = YES;
				GCC_C_LANGUAGE_STANDARD = gnu99;
				GCC_NO_COMMON_BLOCKS = YES;
				GCC_WARN_64_TO_32_BIT_CONVERSION = YES;
				GCC_WARN_ABOUT_RETURN_TYPE = YES_ERROR;
				GCC_WARN_UNDECLARED_SELECTOR = YES;
				GCC_WARN_UNINITIALIZED_AUTOS = YES_AGGRESSIVE;
				GCC_WARN_UNUSED_FUNCTION = YES;
				GCC_WARN_UNUSED_VARIABLE = YES;
				MACOSX_DEPLOYMENT_TARGET = 10.10;
				MTL_ENABLE_DEBUG_INFO = NO;
				SDKROOT = macosx;
			};
			name = Release;
		};
		F4F103A91B517F0700BCAD40 /* Debug */ = {
			isa = XCBuildConfiguration;
			buildSettings = {
				ASSETCATALOG_COMPILER_APPICON_NAME = AppIcon;
				COMBINE_HIDPI_IMAGES = YES;
				INFOPLIST_FILE = STPathTextFieldExample/Info.plist;
				LD_RUNPATH_SEARCH_PATHS = "$(inherited) @executable_path/../Frameworks";
				MACOSX_DEPLOYMENT_TARGET = 10.6;
				PRODUCT_NAME = "$(TARGET_NAME)";
			};
			name = Debug;
		};
		F4F103AA1B517F0700BCAD40 /* Release */ = {
			isa = XCBuildConfiguration;
			buildSettings = {
				ASSETCATALOG_COMPILER_APPICON_NAME = AppIcon;
				COMBINE_HIDPI_IMAGES = YES;
				INFOPLIST_FILE = STPathTextFieldExample/Info.plist;
				LD_RUNPATH_SEARCH_PATHS = "$(inherited) @executable_path/../Frameworks";
				MACOSX_DEPLOYMENT_TARGET = 10.6;
				PRODUCT_NAME = "$(TARGET_NAME)";
			};
			name = Release;
		};
/* End XCBuildConfiguration section */

/* Begin XCConfigurationList section */
		F4F103861B517F0600BCAD40 /* Build configuration list for PBXProject "STPathTextFieldExample" */ = {
			isa = XCConfigurationList;
			buildConfigurations = (
				F4F103A61B517F0700BCAD40 /* Debug */,
				F4F103A71B517F0700BCAD40 /* Release */,
			);
			defaultConfigurationIsVisible = 0;
			defaultConfigurationName = Release;
		};
		F4F103A81B517F0700BCAD40 /* Build configuration list for PBXNativeTarget "STPathTextFieldExample" */ = {
			isa = XCConfigurationList;
			buildConfigurations = (
				F4F103A91B517F0700BCAD40 /* Debug */,
				F4F103AA1B517F0700BCAD40 /* Release */,
			);
			defaultConfigurationIsVisible = 0;
		};
/* End XCConfigurationList section */
	};
	rootObject = F4F103831B517F0600BCAD40 /* Project object */;
}
